
Microsoft Visual Studio Solution File, Format Version 12.00
# Visual Studio Version 17
VisualStudioVersion = 17.3.32929.385
MinimumVisualStudioVersion = 10.0.40219.1
Project("{9A19103F-16F7-4668-BE54-9A1E7A4F7556}") = "BlazorShop.Server", "BlazorShop\Server\BlazorShop.Server.csproj", "{D02809BF-A97D-452E-8CE8-A144220D3D58}"
EndProject
Project("{9A19103F-16F7-4668-BE54-9A1E7A4F7556}") = "BlazorShop.Client", "BlazorShop\Client\BlazorShop.Client.csproj", "{D864A71F-AE45-4253-ABB0-2C3E78145B5E}"
EndProject
Project("{9A19103F-16F7-4668-BE54-9A1E7A4F7556}") = "BlazorShop.Shared", "BlazorShop\Shared\BlazorShop.Shared.csproj", "{630BE715-0999-4F5B-BD96-62D62D9B3A2C}"
EndProject
Global
	GlobalSection(SolutionConfigurationPlatforms) = preSolution
		Debug|Any CPU = Debug|Any CPU
		Release|Any CPU = Release|Any CPU
	EndGlobalSection
	GlobalSection(ProjectConfigurationPlatforms) = postSolution
		{D02809BF-A97D-452E-8CE8-A144220D3D58}.Debug|Any CPU.ActiveCfg = Debug|Any CPU
		{D02809BF-A97D-452E-8CE8-A144220D3D58}.Debug|Any CPU.Build.0 = Debug|Any CPU
		{D02809BF-A97D-452E-8CE8-A144220D3D58}.Release|Any CPU.ActiveCfg = Release|Any CPU
		{D02809BF-A97D-452E-8CE8-A144220D3D58}.Release|Any CPU.Build.0 = Release|Any CPU
		{D864A71F-AE45-4253-ABB0-2C3E78145B5E}.Debug|Any CPU.ActiveCfg = Debug|Any CPU
		{D864A71F-AE45-4253-ABB0-2C3E78145B5E}.Debug|Any CPU.Build.0 = Debug|Any CPU
		{D864A71F-AE45-4253-ABB0-2C3E78145B5E}.Release|Any CPU.ActiveCfg = Release|Any CPU
		{D864A71F-AE45-4253-ABB0-2C3E78145B5E}.Release|Any CPU.Build.0 = Release|Any CPU
		{630BE715-0999-4F5B-BD96-62D62D9B3A2C}.Debug|Any CPU.ActiveCfg = Debug|Any CPU
		{630BE715-0999-4F5B-BD96-62D62D9B3A2C}.Debug|Any CPU.Build.0 = Debug|Any CPU
		{630BE715-0999-4F5B-BD96-62D62D9B3A2C}.Release|Any CPU.ActiveCfg = Release|Any CPU
		{630BE715-0999-4F5B-BD96-62D62D9B3A2C}.Release|Any CPU.Build.0 = Release|Any CPU
	EndGlobalSection
	GlobalSection(SolutionProperties) = preSolution
		HideSolutionNode = FALSE
	EndGlobalSection
	GlobalSection(ExtensibilityGlobals) = postSolution
		SolutionGuid = {E5C87331-6A79-4D43-B6A0-71B3E9203457}
	EndGlobalSection
EndGlobal
